
Microsoft Visual Studio Solution File, Format Version 12.00
# Visual Studio Version 17
VisualStudioVersion = 17.2.32616.157
MinimumVisualStudioVersion = 10.0.40219.1
Project("{FAE04EC0-301F-11D3-BF4B-00C04F79EFBC}") = "Console1", "Console1\Console1.csproj", "{F22F20A6-586A-4015-932E-2ABDEA037A4A}"
EndProject
Global
	GlobalSection(SolutionConfigurationPlatforms) = preSolution
		Debug|Any CPU = Debug|Any CPU
		Release|Any CPU = Release|Any CPU
	EndGlobalSection
	GlobalSection(ProjectConfigurationPlatforms) = postSolution
		{F22F20A6-586A-4015-932E-2ABDEA037A4A}.Debug|Any CPU.ActiveCfg = Debug|Any CPU
		{F22F20A6-586A-4015-932E-2ABDEA037A4A}.Debug|Any CPU.Build.0 = Debug|Any CPU
		{F22F20A6-586A-4015-932E-2ABDEA037A4A}.Release|Any CPU.ActiveCfg = Release|Any CPU
		{F22F20A6-586A-4015-932E-2ABDEA037A4A}.Release|Any CPU.Build.0 = Release|Any CPU
	EndGlobalSection
	GlobalSection(SolutionProperties) = preSolution
		HideSolutionNode = FALSE
	EndGlobalSection
	GlobalSection(ExtensibilityGlobals) = postSolution
		SolutionGuid = {77C7DB8F-6F90-47C9-A1F0-E614F4F91AE7}
	EndGlobalSection
EndGlobal
